// !$*UTF8*$!
{
	archiveVersion = 1;
	classes = {
	};
	objectVersion = 48;
	objects = {

/* Begin PBXBuildFile section */
		31DE7AC6342D5289E8398E72 /* Pods_BreakPoint.framework in Frameworks */ = {isa = PBXBuildFile; fileRef = 917B7A790924E0B88E3DEC77 /* Pods_BreakPoint.framework */; };
		E80615AF1F73FC1700C094A1 /* Group.swift in Sources */ = {isa = PBXBuildFile; fileRef = E80615AE1F73FC1700C094A1 /* Group.swift */; };
		E81BC6801F71AFF300A6E6E7 /* CreateGroupsVC.swift in Sources */ = {isa = PBXBuildFile; fileRef = E81BC67F1F71AFF300A6E6E7 /* CreateGroupsVC.swift */; };
		E87C87191F72E1F900AFFE8C /* GroupCell.swift in Sources */ = {isa = PBXBuildFile; fileRef = E87C87181F72E1F900AFFE8C /* GroupCell.swift */; };
		E8A975931F71657800E55A58 /* AppDelegate.swift in Sources */ = {isa = PBXBuildFile; fileRef = E8A975921F71657800E55A58 /* AppDelegate.swift */; };
		E8A975951F71657800E55A58 /* FeedVC.swift in Sources */ = {isa = PBXBuildFile; fileRef = E8A975941F71657800E55A58 /* FeedVC.swift */; };
		E8A975971F71657800E55A58 /* GroupsVC.swift in Sources */ = {isa = PBXBuildFile; fileRef = E8A975961F71657800E55A58 /* GroupsVC.swift */; };
		E8A9759A1F71657800E55A58 /* Main.storyboard in Resources */ = {isa = PBXBuildFile; fileRef = E8A975981F71657800E55A58 /* Main.storyboard */; };
		E8A9759C1F71657800E55A58 /* Assets.xcassets in Resources */ = {isa = PBXBuildFile; fileRef = E8A9759B1F71657800E55A58 /* Assets.xcassets */; };
		E8A9759F1F71657800E55A58 /* LaunchScreen.storyboard in Resources */ = {isa = PBXBuildFile; fileRef = E8A9759D1F71657800E55A58 /* LaunchScreen.storyboard */; };
		E8A975AD1F716D6A00E55A58 /* DataService.swift in Sources */ = {isa = PBXBuildFile; fileRef = E8A975AC1F716D6A00E55A58 /* DataService.swift */; };
		E8A975AF1F71771400E55A58 /* AuthVC.swift in Sources */ = {isa = PBXBuildFile; fileRef = E8A975AE1F71771400E55A58 /* AuthVC.swift */; };
		E8A975B11F71775D00E55A58 /* LoginVC.swift in Sources */ = {isa = PBXBuildFile; fileRef = E8A975B01F71775D00E55A58 /* LoginVC.swift */; };
		E8A975B31F71779100E55A58 /* InsetTextField.swift in Sources */ = {isa = PBXBuildFile; fileRef = E8A975B21F71779100E55A58 /* InsetTextField.swift */; };
		E8A975B51F717AAE00E55A58 /* ShadowView.swift in Sources */ = {isa = PBXBuildFile; fileRef = E8A975B41F717AAE00E55A58 /* ShadowView.swift */; };
		E8A975B71F717BC300E55A58 /* AuthService.swift in Sources */ = {isa = PBXBuildFile; fileRef = E8A975B61F717BC300E55A58 /* AuthService.swift */; };
		E8A975B91F7183FF00E55A58 /* GoogleService-Info.plist in Resources */ = {isa = PBXBuildFile; fileRef = E8A975B81F7183F100E55A58 /* GoogleService-Info.plist */; };
		E8A975BB1F718FB000E55A58 /* ProfileVC.swift in Sources */ = {isa = PBXBuildFile; fileRef = E8A975BA1F718FB000E55A58 /* ProfileVC.swift */; };
		E8A975BD1F71941300E55A58 /* CreatePostVC.swift in Sources */ = {isa = PBXBuildFile; fileRef = E8A975BC1F71941300E55A58 /* CreatePostVC.swift */; };
		E8A975BF1F7198F800E55A58 /* UIViewExt.swift in Sources */ = {isa = PBXBuildFile; fileRef = E8A975BE1F7198F800E55A58 /* UIViewExt.swift */; };
		E8A975C11F719D1900E55A58 /* FeedCell.swift in Sources */ = {isa = PBXBuildFile; fileRef = E8A975C01F719D1900E55A58 /* FeedCell.swift */; };
		E8A975C31F719F2700E55A58 /* Message.swift in Sources */ = {isa = PBXBuildFile; fileRef = E8A975C21F719F2700E55A58 /* Message.swift */; };
		E8EE82851F72BDAE004E5EFE /* UserCell.swift in Sources */ = {isa = PBXBuildFile; fileRef = E8EE82841F72BDAE004E5EFE /* UserCell.swift */; };
/* End PBXBuildFile section */

/* Begin PBXFileReference section */
		372FE67C8BB3292D880133DE /* Pods-BreakPoint.debug.xcconfig */ = {isa = PBXFileReference; includeInIndex = 1; lastKnownFileType = text.xcconfig; name = "Pods-BreakPoint.debug.xcconfig"; path = "Pods/Target Support Files/Pods-BreakPoint/Pods-BreakPoint.debug.xcconfig"; sourceTree = "<group>"; };
		917B7A790924E0B88E3DEC77 /* Pods_BreakPoint.framework */ = {isa = PBXFileReference; explicitFileType = wrapper.framework; includeInIndex = 0; path = Pods_BreakPoint.framework; sourceTree = BUILT_PRODUCTS_DIR; };
		94F64CD1258F3CB570783B51 /* Pods-BreakPoint.release.xcconfig */ = {isa = PBXFileReference; includeInIndex = 1; lastKnownFileType = text.xcconfig; name = "Pods-BreakPoint.release.xcconfig"; path = "Pods/Target Support Files/Pods-BreakPoint/Pods-BreakPoint.release.xcconfig"; sourceTree = "<group>"; };
		E80615AE1F73FC1700C094A1 /* Group.swift */ = {isa = PBXFileReference; lastKnownFileType = sourcecode.swift; path = Group.swift; sourceTree = "<group>"; };
		E81BC67F1F71AFF300A6E6E7 /* CreateGroupsVC.swift */ = {isa = PBXFileReference; lastKnownFileType = sourcecode.swift; path = CreateGroupsVC.swift; sourceTree = "<group>"; };
		E87C87181F72E1F900AFFE8C /* GroupCell.swift */ = {isa = PBXFileReference; lastKnownFileType = sourcecode.swift; path = GroupCell.swift; sourceTree = "<group>"; };
		E8A9758F1F71657800E55A58 /* BreakPoint.app */ = {isa = PBXFileReference; explicitFileType = wrapper.application; includeInIndex = 0; path = BreakPoint.app; sourceTree = BUILT_PRODUCTS_DIR; };
		E8A975921F71657800E55A58 /* AppDelegate.swift */ = {isa = PBXFileReference; lastKnownFileType = sourcecode.swift; path = AppDelegate.swift; sourceTree = "<group>"; };
		E8A975941F71657800E55A58 /* FeedVC.swift */ = {isa = PBXFileReference; lastKnownFileType = sourcecode.swift; path = FeedVC.swift; sourceTree = "<group>"; };
		E8A975961F71657800E55A58 /* GroupsVC.swift */ = {isa = PBXFileReference; lastKnownFileType = sourcecode.swift; path = GroupsVC.swift; sourceTree = "<group>"; };
		E8A975991F71657800E55A58 /* Base */ = {isa = PBXFileReference; lastKnownFileType = file.storyboard; name = Base; path = Base.lproj/Main.storyboard; sourceTree = "<group>"; };
		E8A9759B1F71657800E55A58 /* Assets.xcassets */ = {isa = PBXFileReference; lastKnownFileType = folder.assetcatalog; path = Assets.xcassets; sourceTree = "<group>"; };
		E8A9759E1F71657800E55A58 /* Base */ = {isa = PBXFileReference; lastKnownFileType = file.storyboard; name = Base; path = Base.lproj/LaunchScreen.storyboard; sourceTree = "<group>"; };
		E8A975A01F71657800E55A58 /* Info.plist */ = {isa = PBXFileReference; lastKnownFileType = text.plist.xml; path = Info.plist; sourceTree = "<group>"; };
		E8A975AC1F716D6A00E55A58 /* DataService.swift */ = {isa = PBXFileReference; lastKnownFileType = sourcecode.swift; path = DataService.swift; sourceTree = "<group>"; };
		E8A975AE1F71771400E55A58 /* AuthVC.swift */ = {isa = PBXFileReference; lastKnownFileType = sourcecode.swift; path = AuthVC.swift; sourceTree = "<group>"; };
		E8A975B01F71775D00E55A58 /* LoginVC.swift */ = {isa = PBXFileReference; lastKnownFileType = sourcecode.swift; path = LoginVC.swift; sourceTree = "<group>"; };
		E8A975B21F71779100E55A58 /* InsetTextField.swift */ = {isa = PBXFileReference; lastKnownFileType = sourcecode.swift; path = InsetTextField.swift; sourceTree = "<group>"; };
		E8A975B41F717AAE00E55A58 /* ShadowView.swift */ = {isa = PBXFileReference; lastKnownFileType = sourcecode.swift; path = ShadowView.swift; sourceTree = "<group>"; };
		E8A975B61F717BC300E55A58 /* AuthService.swift */ = {isa = PBXFileReference; lastKnownFileType = sourcecode.swift; path = AuthService.swift; sourceTree = "<group>"; };
		E8A975B81F7183F100E55A58 /* GoogleService-Info.plist */ = {isa = PBXFileReference; lastKnownFileType = text.plist.xml; path = "GoogleService-Info.plist"; sourceTree = "<group>"; };
		E8A975BA1F718FB000E55A58 /* ProfileVC.swift */ = {isa = PBXFileReference; lastKnownFileType = sourcecode.swift; path = ProfileVC.swift; sourceTree = "<group>"; };
		E8A975BC1F71941300E55A58 /* CreatePostVC.swift */ = {isa = PBXFileReference; lastKnownFileType = sourcecode.swift; path = CreatePostVC.swift; sourceTree = "<group>"; };
		E8A975BE1F7198F800E55A58 /* UIViewExt.swift */ = {isa = PBXFileReference; lastKnownFileType = sourcecode.swift; path = UIViewExt.swift; sourceTree = "<group>"; };
		E8A975C01F719D1900E55A58 /* FeedCell.swift */ = {isa = PBXFileReference; lastKnownFileType = sourcecode.swift; path = FeedCell.swift; sourceTree = "<group>"; };
		E8A975C21F719F2700E55A58 /* Message.swift */ = {isa = PBXFileReference; lastKnownFileType = sourcecode.swift; path = Message.swift; sourceTree = "<group>"; };
		E8EE82841F72BDAE004E5EFE /* UserCell.swift */ = {isa = PBXFileReference; lastKnownFileType = sourcecode.swift; path = UserCell.swift; sourceTree = "<group>"; };
/* End PBXFileReference section */

/* Begin PBXFrameworksBuildPhase section */
		E8A9758C1F71657800E55A58 /* Frameworks */ = {
			isa = PBXFrameworksBuildPhase;
			buildActionMask = 2147483647;
			files = (
				31DE7AC6342D5289E8398E72 /* Pods_BreakPoint.framework in Frameworks */,
			);
			runOnlyForDeploymentPostprocessing = 0;
		};
/* End PBXFrameworksBuildPhase section */

/* Begin PBXGroup section */
		8A3D4410794B679F24F09F92 /* Pods */ = {
			isa = PBXGroup;
			children = (
				372FE67C8BB3292D880133DE /* Pods-BreakPoint.debug.xcconfig */,
				94F64CD1258F3CB570783B51 /* Pods-BreakPoint.release.xcconfig */,
			);
			name = Pods;
			sourceTree = "<group>";
		};
		C6CE947D53627C1E983DB99E /* Frameworks */ = {
			isa = PBXGroup;
			children = (
				917B7A790924E0B88E3DEC77 /* Pods_BreakPoint.framework */,
			);
			name = Frameworks;
			sourceTree = "<group>";
		};
		E8A975861F71657800E55A58 = {
			isa = PBXGroup;
			children = (
				E8A975911F71657800E55A58 /* BreakPoint */,
				E8A975901F71657800E55A58 /* Products */,
				8A3D4410794B679F24F09F92 /* Pods */,
				C6CE947D53627C1E983DB99E /* Frameworks */,
			);
			sourceTree = "<group>";
		};
		E8A975901F71657800E55A58 /* Products */ = {
			isa = PBXGroup;
			children = (
				E8A9758F1F71657800E55A58 /* BreakPoint.app */,
			);
			name = Products;
			sourceTree = "<group>";
		};
		E8A975911F71657800E55A58 /* BreakPoint */ = {
			isa = PBXGroup;
			children = (
				E8A975AA1F7165EE00E55A58 /* Services */,
				E8A975A91F7165CC00E55A58 /* Extensions */,
				E8A975A81F7165C300E55A58 /* Model */,
				E8A975A71F7165BD00E55A58 /* View */,
				E8A975A61F7165AC00E55A58 /* Controller */,
				E8A975921F71657800E55A58 /* AppDelegate.swift */,
				E8A975981F71657800E55A58 /* Main.storyboard */,
				E8A9759B1F71657800E55A58 /* Assets.xcassets */,
				E8A9759D1F71657800E55A58 /* LaunchScreen.storyboard */,
				E8A975A01F71657800E55A58 /* Info.plist */,
				E8A975B81F7183F100E55A58 /* GoogleService-Info.plist */,
			);
			path = BreakPoint;
			sourceTree = "<group>";
		};
		E8A975A61F7165AC00E55A58 /* Controller */ = {
			isa = PBXGroup;
			children = (
				E8A975941F71657800E55A58 /* FeedVC.swift */,
				E8A975961F71657800E55A58 /* GroupsVC.swift */,
				E8A975AE1F71771400E55A58 /* AuthVC.swift */,
				E8A975B01F71775D00E55A58 /* LoginVC.swift */,
				E8A975BA1F718FB000E55A58 /* ProfileVC.swift */,
				E8A975BC1F71941300E55A58 /* CreatePostVC.swift */,
				E81BC67F1F71AFF300A6E6E7 /* CreateGroupsVC.swift */,
			);
			path = Controller;
			sourceTree = "<group>";
		};
		E8A975A71F7165BD00E55A58 /* View */ = {
			isa = PBXGroup;
			children = (
				E8A975B21F71779100E55A58 /* InsetTextField.swift */,
				E8A975B41F717AAE00E55A58 /* ShadowView.swift */,
				E8A975C01F719D1900E55A58 /* FeedCell.swift */,
				E8EE82841F72BDAE004E5EFE /* UserCell.swift */,
				E87C87181F72E1F900AFFE8C /* GroupCell.swift */,
			);
			path = View;
			sourceTree = "<group>";
		};
		E8A975A81F7165C300E55A58 /* Model */ = {
			isa = PBXGroup;
			children = (
				E8A975C21F719F2700E55A58 /* Message.swift */,
				E80615AE1F73FC1700C094A1 /* Group.swift */,
			);
			path = Model;
			sourceTree = "<group>";
		};
		E8A975A91F7165CC00E55A58 /* Extensions */ = {
			isa = PBXGroup;
			children = (
				E8A975BE1F7198F800E55A58 /* UIViewExt.swift */,
			);
			path = Extensions;
			sourceTree = "<group>";
		};
		E8A975AA1F7165EE00E55A58 /* Services */ = {
			isa = PBXGroup;
			children = (
				E8A975AC1F716D6A00E55A58 /* DataService.swift */,
				E8A975B61F717BC300E55A58 /* AuthService.swift */,
			);
			path = Services;
			sourceTree = "<group>";
		};
/* End PBXGroup section */

/* Begin PBXNativeTarget section */
		E8A9758E1F71657800E55A58 /* BreakPoint */ = {
			isa = PBXNativeTarget;
			buildConfigurationList = E8A975A31F71657800E55A58 /* Build configuration list for PBXNativeTarget "BreakPoint" */;
			buildPhases = (
				F61139E99D69494A700BED02 /* [CP] Check Pods Manifest.lock */,
				E8A9758B1F71657800E55A58 /* Sources */,
				E8A9758C1F71657800E55A58 /* Frameworks */,
				E8A9758D1F71657800E55A58 /* Resources */,
				4FB3815564D650C36837DA6E /* [CP] Embed Pods Frameworks */,
				2F0376AEDD68C48A01ADC0FD /* [CP] Copy Pods Resources */,
			);
			buildRules = (
			);
			dependencies = (
			);
			name = BreakPoint;
			productName = BreakPoint;
			productReference = E8A9758F1F71657800E55A58 /* BreakPoint.app */;
			productType = "com.apple.product-type.application";
		};
/* End PBXNativeTarget section */

/* Begin PBXProject section */
		E8A975871F71657800E55A58 /* Project object */ = {
			isa = PBXProject;
			attributes = {
				LastSwiftUpdateCheck = 0900;
				LastUpgradeCheck = 0900;
				ORGANIZATIONNAME = "Noel Franceschi";
				TargetAttributes = {
					E8A9758E1F71657800E55A58 = {
						CreatedOnToolsVersion = 9.0;
						ProvisioningStyle = Automatic;
					};
				};
			};
			buildConfigurationList = E8A9758A1F71657800E55A58 /* Build configuration list for PBXProject "BreakPoint" */;
			compatibilityVersion = "Xcode 8.0";
			developmentRegion = en;
			hasScannedForEncodings = 0;
			knownRegions = (
				en,
				Base,
			);
			mainGroup = E8A975861F71657800E55A58;
			productRefGroup = E8A975901F71657800E55A58 /* Products */;
			projectDirPath = "";
			projectRoot = "";
			targets = (
				E8A9758E1F71657800E55A58 /* BreakPoint */,
			);
		};
/* End PBXProject section */

/* Begin PBXResourcesBuildPhase section */
		E8A9758D1F71657800E55A58 /* Resources */ = {
			isa = PBXResourcesBuildPhase;
			buildActionMask = 2147483647;
			files = (
				E8A9759F1F71657800E55A58 /* LaunchScreen.storyboard in Resources */,
				E8A975B91F7183FF00E55A58 /* GoogleService-Info.plist in Resources */,
				E8A9759C1F71657800E55A58 /* Assets.xcassets in Resources */,
				E8A9759A1F71657800E55A58 /* Main.storyboard in Resources */,
			);
			runOnlyForDeploymentPostprocessing = 0;
		};
/* End PBXResourcesBuildPhase section */

/* Begin PBXShellScriptBuildPhase section */
		2F0376AEDD68C48A01ADC0FD /* [CP] Copy Pods Resources */ = {
			isa = PBXShellScriptBuildPhase;
			buildActionMask = 2147483647;
			files = (
			);
			inputPaths = (
			);
			name = "[CP] Copy Pods Resources";
			outputPaths = (
			);
			runOnlyForDeploymentPostprocessing = 0;
			shellPath = /bin/sh;
			shellScript = "\"${SRCROOT}/Pods/Target Support Files/Pods-BreakPoint/Pods-BreakPoint-resources.sh\"\n";
			showEnvVarsInLog = 0;
		};
		4FB3815564D650C36837DA6E /* [CP] Embed Pods Frameworks */ = {
			isa = PBXShellScriptBuildPhase;
			buildActionMask = 2147483647;
			files = (
			);
			inputPaths = (
			);
			name = "[CP] Embed Pods Frameworks";
			outputPaths = (
			);
			runOnlyForDeploymentPostprocessing = 0;
			shellPath = /bin/sh;
			shellScript = "\"${SRCROOT}/Pods/Target Support Files/Pods-BreakPoint/Pods-BreakPoint-frameworks.sh\"\n";
			showEnvVarsInLog = 0;
		};
		F61139E99D69494A700BED02 /* [CP] Check Pods Manifest.lock */ = {
			isa = PBXShellScriptBuildPhase;
			buildActionMask = 2147483647;
			files = (
			);
			inputPaths = (
			);
			name = "[CP] Check Pods Manifest.lock";
			outputPaths = (
			);
			runOnlyForDeploymentPostprocessing = 0;
			shellPath = /bin/sh;
			shellScript = "diff \"${PODS_ROOT}/../Podfile.lock\" \"${PODS_ROOT}/Manifest.lock\" > /dev/null\nif [ $? != 0 ] ; then\n    # print error to STDERR\n    echo \"error: The sandbox is not in sync with the Podfile.lock. Run 'pod install' or update your CocoaPods installation.\" >&2\n    exit 1\nfi\n";
			showEnvVarsInLog = 0;
		};
/* End PBXShellScriptBuildPhase section */

/* Begin PBXSourcesBuildPhase section */
		E8A9758B1F71657800E55A58 /* Sources */ = {
			isa = PBXSourcesBuildPhase;
			buildActionMask = 2147483647;
			files = (
				E8A975BF1F7198F800E55A58 /* UIViewExt.swift in Sources */,
				E8A975C11F719D1900E55A58 /* FeedCell.swift in Sources */,
				E8A975AF1F71771400E55A58 /* AuthVC.swift in Sources */,
				E87C87191F72E1F900AFFE8C /* GroupCell.swift in Sources */,
				E8A975971F71657800E55A58 /* GroupsVC.swift in Sources */,
				E8A975B11F71775D00E55A58 /* LoginVC.swift in Sources */,
				E8A975B71F717BC300E55A58 /* AuthService.swift in Sources */,
				E8A975BB1F718FB000E55A58 /* ProfileVC.swift in Sources */,
				E81BC6801F71AFF300A6E6E7 /* CreateGroupsVC.swift in Sources */,
				E80615AF1F73FC1700C094A1 /* Group.swift in Sources */,
				E8EE82851F72BDAE004E5EFE /* UserCell.swift in Sources */,
				E8A975931F71657800E55A58 /* AppDelegate.swift in Sources */,
				E8A975B51F717AAE00E55A58 /* ShadowView.swift in Sources */,
				E8A975BD1F71941300E55A58 /* CreatePostVC.swift in Sources */,
				E8A975951F71657800E55A58 /* FeedVC.swift in Sources */,
				E8A975B31F71779100E55A58 /* InsetTextField.swift in Sources */,
				E8A975AD1F716D6A00E55A58 /* DataService.swift in Sources */,
				E8A975C31F719F2700E55A58 /* Message.swift in Sources */,
			);
			runOnlyForDeploymentPostprocessing = 0;
		};
/* End PBXSourcesBuildPhase section */

/* Begin PBXVariantGroup section */
		E8A975981F71657800E55A58 /* Main.storyboard */ = {
			isa = PBXVariantGroup;
			children = (
				E8A975991F71657800E55A58 /* Base */,
			);
			name = Main.storyboard;
			sourceTree = "<group>";
		};
		E8A9759D1F71657800E55A58 /* LaunchScreen.storyboard */ = {
			isa = PBXVariantGroup;
			children = (
				E8A9759E1F71657800E55A58 /* Base */,
			);
			name = LaunchScreen.storyboard;
			sourceTree = "<group>";
		};
/* End PBXVariantGroup section */

/* Begin XCBuildConfiguration section */
		E8A975A11F71657800E55A58 /* Debug */ = {
			isa = XCBuildConfiguration;
			buildSettings = {
				ALWAYS_SEARCH_USER_PATHS = NO;
				CLANG_ANALYZER_NONNULL = YES;
				CLANG_ANALYZER_NUMBER_OBJECT_CONVERSION = YES_AGGRESSIVE;
				CLANG_CXX_LANGUAGE_STANDARD = "gnu++14";
				CLANG_CXX_LIBRARY = "libc++";
				CLANG_ENABLE_MODULES = YES;
				CLANG_ENABLE_OBJC_ARC = YES;
				CLANG_WARN_BLOCK_CAPTURE_AUTORELEASING = YES;
				CLANG_WARN_BOOL_CONVERSION = YES;
				CLANG_WARN_COMMA = YES;
				CLANG_WARN_CONSTANT_CONVERSION = YES;
				CLANG_WARN_DIRECT_OBJC_ISA_USAGE = YES_ERROR;
				CLANG_WARN_DOCUMENTATION_COMMENTS = YES;
				CLANG_WARN_EMPTY_BODY = YES;
				CLANG_WARN_ENUM_CONVERSION = YES;
				CLANG_WARN_INFINITE_RECURSION = YES;
				CLANG_WARN_INT_CONVERSION = YES;
				CLANG_WARN_NON_LITERAL_NULL_CONVERSION = YES;
				CLANG_WARN_OBJC_LITERAL_CONVERSION = YES;
				CLANG_WARN_OBJC_ROOT_CLASS = YES_ERROR;
				CLANG_WARN_RANGE_LOOP_ANALYSIS = YES;
				CLANG_WARN_STRICT_PROTOTYPES = YES;
				CLANG_WARN_SUSPICIOUS_MOVE = YES;
				CLANG_WARN_UNGUARDED_AVAILABILITY = YES_AGGRESSIVE;
				CLANG_WARN_UNREACHABLE_CODE = YES;
				CLANG_WARN__DUPLICATE_METHOD_MATCH = YES;
				CODE_SIGN_IDENTITY = "iPhone Developer";
				COPY_PHASE_STRIP = NO;
				DEBUG_INFORMATION_FORMAT = dwarf;
				ENABLE_STRICT_OBJC_MSGSEND = YES;
				ENABLE_TESTABILITY = YES;
				GCC_C_LANGUAGE_STANDARD = gnu11;
				GCC_DYNAMIC_NO_PIC = NO;
				GCC_NO_COMMON_BLOCKS = YES;
				GCC_OPTIMIZATION_LEVEL = 0;
				GCC_PREPROCESSOR_DEFINITIONS = (
					"DEBUG=1",
					"$(inherited)",
				);
				GCC_WARN_64_TO_32_BIT_CONVERSION = YES;
				GCC_WARN_ABOUT_RETURN_TYPE = YES_ERROR;
				GCC_WARN_UNDECLARED_SELECTOR = YES;
				GCC_WARN_UNINITIALIZED_AUTOS = YES_AGGRESSIVE;
				GCC_WARN_UNUSED_FUNCTION = YES;
				GCC_WARN_UNUSED_VARIABLE = YES;
				IPHONEOS_DEPLOYMENT_TARGET = 11.0;
				MTL_ENABLE_DEBUG_INFO = YES;
				ONLY_ACTIVE_ARCH = YES;
				SDKROOT = iphoneos;
				SWIFT_ACTIVE_COMPILATION_CONDITIONS = DEBUG;
				SWIFT_OPTIMIZATION_LEVEL = "-Onone";
			};
			name = Debug;
		};
		E8A975A21F71657800E55A58 /* Release */ = {
			isa = XCBuildConfiguration;
			buildSettings = {
				ALWAYS_SEARCH_USER_PATHS = NO;
				CLANG_ANALYZER_NONNULL = YES;
				CLANG_ANALYZER_NUMBER_OBJECT_CONVERSION = YES_AGGRESSIVE;
				CLANG_CXX_LANGUAGE_STANDARD = "gnu++14";
				CLANG_CXX_LIBRARY = "libc++";
				CLANG_ENABLE_MODULES = YES;
				CLANG_ENABLE_OBJC_ARC = YES;
				CLANG_WARN_BLOCK_CAPTURE_AUTORELEASING = YES;
				CLANG_WARN_BOOL_CONVERSION = YES;
				CLANG_WARN_COMMA = YES;
				CLANG_WARN_CONSTANT_CONVERSION = YES;
				CLANG_WARN_DIRECT_OBJC_ISA_USAGE = YES_ERROR;
				CLANG_WARN_DOCUMENTATION_COMMENTS = YES;
				CLANG_WARN_EMPTY_BODY = YES;
				CLANG_WARN_ENUM_CONVERSION = YES;
				CLANG_WARN_INFINITE_RECURSION = YES;
				CLANG_WARN_INT_CONVERSION = YES;
				CLANG_WARN_NON_LITERAL_NULL_CONVERSION = YES;
				CLANG_WARN_OBJC_LITERAL_CONVERSION = YES;
				CLANG_WARN_OBJC_ROOT_CLASS = YES_ERROR;
				CLANG_WARN_RANGE_LOOP_ANALYSIS = YES;
				CLANG_WARN_STRICT_PROTOTYPES = YES;
				CLANG_WARN_SUSPICIOUS_MOVE = YES;
				CLANG_WARN_UNGUARDED_AVAILABILITY = YES_AGGRESSIVE;
				CLANG_WARN_UNREACHABLE_CODE = YES;
				CLANG_WARN__DUPLICATE_METHOD_MATCH = YES;
				CODE_SIGN_IDENTITY = "iPhone Developer";
				COPY_PHASE_STRIP = NO;
				DEBUG_INFORMATION_FORMAT = "dwarf-with-dsym";
				ENABLE_NS_ASSERTIONS = NO;
				ENABLE_STRICT_OBJC_MSGSEND = YES;
				GCC_C_LANGUAGE_STANDARD = gnu11;
				GCC_NO_COMMON_BLOCKS = YES;
				GCC_WARN_64_TO_32_BIT_CONVERSION = YES;
				GCC_WARN_ABOUT_RETURN_TYPE = YES_ERROR;
				GCC_WARN_UNDECLARED_SELECTOR = YES;
				GCC_WARN_UNINITIALIZED_AUTOS = YES_AGGRESSIVE;
				GCC_WARN_UNUSED_FUNCTION = YES;
				GCC_WARN_UNUSED_VARIABLE = YES;
				IPHONEOS_DEPLOYMENT_TARGET = 11.0;
				MTL_ENABLE_DEBUG_INFO = NO;
				SDKROOT = iphoneos;
				SWIFT_OPTIMIZATION_LEVEL = "-Owholemodule";
				VALIDATE_PRODUCT = YES;
			};
			name = Release;
		};
		E8A975A41F71657800E55A58 /* Debug */ = {
			isa = XCBuildConfiguration;
			baseConfigurationReference = 372FE67C8BB3292D880133DE /* Pods-BreakPoint.debug.xcconfig */;
			buildSettings = {
				ASSETCATALOG_COMPILER_APPICON_NAME = AppIcon;
				CODE_SIGN_STYLE = Automatic;
				DEVELOPMENT_TEAM = AA94UC956P;
				INFOPLIST_FILE = BreakPoint/Info.plist;
				LD_RUNPATH_SEARCH_PATHS = "$(inherited) @executable_path/Frameworks";
				PRODUCT_BUNDLE_IDENTIFIER = com.noelfranceschi.BreakPoint;
				PRODUCT_NAME = "$(TARGET_NAME)";
				SWIFT_VERSION = 4.0;
				TARGETED_DEVICE_FAMILY = "1,2";
			};
			name = Debug;
		};
		E8A975A51F71657800E55A58 /* Release */ = {
			isa = XCBuildConfiguration;
			baseConfigurationReference = 94F64CD1258F3CB570783B51 /* Pods-BreakPoint.release.xcconfig */;
			buildSettings = {
				ASSETCATALOG_COMPILER_APPICON_NAME = AppIcon;
				CODE_SIGN_STYLE = Automatic;
				DEVELOPMENT_TEAM = AA94UC956P;
				INFOPLIST_FILE = BreakPoint/Info.plist;
				LD_RUNPATH_SEARCH_PATHS = "$(inherited) @executable_path/Frameworks";
				PRODUCT_BUNDLE_IDENTIFIER = com.noelfranceschi.BreakPoint;
				PRODUCT_NAME = "$(TARGET_NAME)";
				SWIFT_VERSION = 4.0;
				TARGETED_DEVICE_FAMILY = "1,2";
			};
			name = Release;
		};
/* End XCBuildConfiguration section */

/* Begin XCConfigurationList section */
		E8A9758A1F71657800E55A58 /* Build configuration list for PBXProject "BreakPoint" */ = {
			isa = XCConfigurationList;
			buildConfigurations = (
				E8A975A11F71657800E55A58 /* Debug */,
				E8A975A21F71657800E55A58 /* Release */,
			);
			defaultConfigurationIsVisible = 0;
			defaultConfigurationName = Release;
		};
		E8A975A31F71657800E55A58 /* Build configuration list for PBXNativeTarget "BreakPoint" */ = {
			isa = XCConfigurationList;
			buildConfigurations = (
				E8A975A41F71657800E55A58 /* Debug */,
				E8A975A51F71657800E55A58 /* Release */,
			);
			defaultConfigurationIsVisible = 0;
			defaultConfigurationName = Release;
		};
/* End XCConfigurationList section */
	};
	rootObject = E8A975871F71657800E55A58 /* Project object */;
}
