// !$*UTF8*$!
{
	archiveVersion = 1;
	classes = {
	};
	objectVersion = 48;
	objects = {

/* Begin PBXBuildFile section */
		E85EE1051F8BE25600CD24ED /* AppDelegate.swift in Sources */ = {isa = PBXBuildFile; fileRef = E85EE1041F8BE25600CD24ED /* AppDelegate.swift */; };
		E85EE1071F8BE25600CD24ED /* MainVC.swift in Sources */ = {isa = PBXBuildFile; fileRef = E85EE1061F8BE25600CD24ED /* MainVC.swift */; };
		E85EE10A1F8BE25600CD24ED /* Main.storyboard in Resources */ = {isa = PBXBuildFile; fileRef = E85EE1081F8BE25600CD24ED /* Main.storyboard */; };
		E85EE10C1F8BE25600CD24ED /* Assets.xcassets in Resources */ = {isa = PBXBuildFile; fileRef = E85EE10B1F8BE25600CD24ED /* Assets.xcassets */; };
		E85EE10F1F8BE25600CD24ED /* LaunchScreen.storyboard in Resources */ = {isa = PBXBuildFile; fileRef = E85EE10D1F8BE25600CD24ED /* LaunchScreen.storyboard */; };
		E85EE11A1F8BE25600CD24ED /* FoodTruck_FinderTests.swift in Sources */ = {isa = PBXBuildFile; fileRef = E85EE1191F8BE25600CD24ED /* FoodTruck_FinderTests.swift */; };
		E85EE12A1F8BE52200CD24ED /* FoodTruck.swift in Sources */ = {isa = PBXBuildFile; fileRef = E85EE1291F8BE52200CD24ED /* FoodTruck.swift */; };
		E85EE1581F8BED3F00CD24ED /* FoodTruckReview.swift in Sources */ = {isa = PBXBuildFile; fileRef = E85EE1571F8BED3F00CD24ED /* FoodTruckReview.swift */; };
		E85EE15A1F8C109500CD24ED /* DataService.swift in Sources */ = {isa = PBXBuildFile; fileRef = E85EE1591F8C109500CD24ED /* DataService.swift */; };
		E85EE15C1F8C125900CD24ED /* Constants.swift in Sources */ = {isa = PBXBuildFile; fileRef = E85EE15B1F8C125900CD24ED /* Constants.swift */; };
		E85EE15E1F8C177700CD24ED /* AuthService.swift in Sources */ = {isa = PBXBuildFile; fileRef = E85EE15D1F8C177700CD24ED /* AuthService.swift */; };
		E85EE1601F8C1F5400CD24ED /* FoodTruckCell.swift in Sources */ = {isa = PBXBuildFile; fileRef = E85EE15F1F8C1F5300CD24ED /* FoodTruckCell.swift */; };
		E8A8CBF11F8C27B000DBA021 /* LoginVC.swift in Sources */ = {isa = PBXBuildFile; fileRef = E8A8CBEF1F8C27B000DBA021 /* LoginVC.swift */; };
		E8A8CBF21F8C27B000DBA021 /* LoginVC.xib in Resources */ = {isa = PBXBuildFile; fileRef = E8A8CBF01F8C27B000DBA021 /* LoginVC.xib */; };
		E8A8CBF41F8C350F00DBA021 /* AddTruckVC.swift in Sources */ = {isa = PBXBuildFile; fileRef = E8A8CBF31F8C350F00DBA021 /* AddTruckVC.swift */; };
/* End PBXBuildFile section */

/* Begin PBXContainerItemProxy section */
		E85EE1161F8BE25600CD24ED /* PBXContainerItemProxy */ = {
			isa = PBXContainerItemProxy;
			containerPortal = E85EE0F91F8BE25600CD24ED /* Project object */;
			proxyType = 1;
			remoteGlobalIDString = E85EE1001F8BE25600CD24ED;
			remoteInfo = "FoodTruck Finder";
		};
/* End PBXContainerItemProxy section */

/* Begin PBXFileReference section */
		E85EE1011F8BE25600CD24ED /* FoodTruck Finder.app */ = {isa = PBXFileReference; explicitFileType = wrapper.application; includeInIndex = 0; path = "FoodTruck Finder.app"; sourceTree = BUILT_PRODUCTS_DIR; };
		E85EE1041F8BE25600CD24ED /* AppDelegate.swift */ = {isa = PBXFileReference; lastKnownFileType = sourcecode.swift; path = AppDelegate.swift; sourceTree = "<group>"; };
		E85EE1061F8BE25600CD24ED /* MainVC.swift */ = {isa = PBXFileReference; lastKnownFileType = sourcecode.swift; path = MainVC.swift; sourceTree = "<group>"; };
		E85EE1091F8BE25600CD24ED /* Base */ = {isa = PBXFileReference; lastKnownFileType = file.storyboard; name = Base; path = Base.lproj/Main.storyboard; sourceTree = "<group>"; };
		E85EE10B1F8BE25600CD24ED /* Assets.xcassets */ = {isa = PBXFileReference; lastKnownFileType = folder.assetcatalog; path = Assets.xcassets; sourceTree = "<group>"; };
		E85EE10E1F8BE25600CD24ED /* Base */ = {isa = PBXFileReference; lastKnownFileType = file.storyboard; name = Base; path = Base.lproj/LaunchScreen.storyboard; sourceTree = "<group>"; };
		E85EE1101F8BE25600CD24ED /* Info.plist */ = {isa = PBXFileReference; lastKnownFileType = text.plist.xml; path = Info.plist; sourceTree = "<group>"; };
		E85EE1151F8BE25600CD24ED /* FoodTruck FinderTests.xctest */ = {isa = PBXFileReference; explicitFileType = wrapper.cfbundle; includeInIndex = 0; path = "FoodTruck FinderTests.xctest"; sourceTree = BUILT_PRODUCTS_DIR; };
		E85EE1191F8BE25600CD24ED /* FoodTruck_FinderTests.swift */ = {isa = PBXFileReference; lastKnownFileType = sourcecode.swift; path = FoodTruck_FinderTests.swift; sourceTree = "<group>"; };
		E85EE11B1F8BE25600CD24ED /* Info.plist */ = {isa = PBXFileReference; lastKnownFileType = text.plist.xml; path = Info.plist; sourceTree = "<group>"; };
		E85EE1291F8BE52200CD24ED /* FoodTruck.swift */ = {isa = PBXFileReference; lastKnownFileType = sourcecode.swift; path = FoodTruck.swift; sourceTree = "<group>"; };
		E85EE1571F8BED3F00CD24ED /* FoodTruckReview.swift */ = {isa = PBXFileReference; lastKnownFileType = sourcecode.swift; path = FoodTruckReview.swift; sourceTree = "<group>"; };
		E85EE1591F8C109500CD24ED /* DataService.swift */ = {isa = PBXFileReference; lastKnownFileType = sourcecode.swift; path = DataService.swift; sourceTree = "<group>"; };
		E85EE15B1F8C125900CD24ED /* Constants.swift */ = {isa = PBXFileReference; lastKnownFileType = sourcecode.swift; path = Constants.swift; sourceTree = "<group>"; };
		E85EE15D1F8C177700CD24ED /* AuthService.swift */ = {isa = PBXFileReference; lastKnownFileType = sourcecode.swift; path = AuthService.swift; sourceTree = "<group>"; };
		E85EE15F1F8C1F5300CD24ED /* FoodTruckCell.swift */ = {isa = PBXFileReference; lastKnownFileType = sourcecode.swift; path = FoodTruckCell.swift; sourceTree = "<group>"; };
		E8A8CBEF1F8C27B000DBA021 /* LoginVC.swift */ = {isa = PBXFileReference; lastKnownFileType = sourcecode.swift; path = LoginVC.swift; sourceTree = "<group>"; };
		E8A8CBF01F8C27B000DBA021 /* LoginVC.xib */ = {isa = PBXFileReference; lastKnownFileType = file.xib; path = LoginVC.xib; sourceTree = "<group>"; };
		E8A8CBF31F8C350F00DBA021 /* AddTruckVC.swift */ = {isa = PBXFileReference; lastKnownFileType = sourcecode.swift; path = AddTruckVC.swift; sourceTree = "<group>"; };
/* End PBXFileReference section */

/* Begin PBXFrameworksBuildPhase section */
		E85EE0FE1F8BE25600CD24ED /* Frameworks */ = {
			isa = PBXFrameworksBuildPhase;
			buildActionMask = 2147483647;
			files = (
			);
			runOnlyForDeploymentPostprocessing = 0;
		};
		E85EE1121F8BE25600CD24ED /* Frameworks */ = {
			isa = PBXFrameworksBuildPhase;
			buildActionMask = 2147483647;
			files = (
			);
			runOnlyForDeploymentPostprocessing = 0;
		};
/* End PBXFrameworksBuildPhase section */

/* Begin PBXGroup section */
		E85EE0F81F8BE25600CD24ED = {
			isa = PBXGroup;
			children = (
				E85EE1031F8BE25600CD24ED /* FoodTruck Finder */,
				E85EE1181F8BE25600CD24ED /* FoodTruck FinderTests */,
				E85EE1021F8BE25600CD24ED /* Products */,
			);
			sourceTree = "<group>";
		};
		E85EE1021F8BE25600CD24ED /* Products */ = {
			isa = PBXGroup;
			children = (
				E85EE1011F8BE25600CD24ED /* FoodTruck Finder.app */,
				E85EE1151F8BE25600CD24ED /* FoodTruck FinderTests.xctest */,
			);
			name = Products;
			sourceTree = "<group>";
		};
		E85EE1031F8BE25600CD24ED /* FoodTruck Finder */ = {
			isa = PBXGroup;
			children = (
				E85EE1281F8BE47900CD24ED /* Model */,
				E85EE1271F8BE47300CD24ED /* View */,
				E85EE1261F8BE46F00CD24ED /* Controller */,
				E85EE1251F8BE46000CD24ED /* Resources */,
				E85EE1241F8BE45900CD24ED /* Services */,
				E85EE1041F8BE25600CD24ED /* AppDelegate.swift */,
				E85EE1081F8BE25600CD24ED /* Main.storyboard */,
				E85EE10D1F8BE25600CD24ED /* LaunchScreen.storyboard */,
				E85EE10B1F8BE25600CD24ED /* Assets.xcassets */,
				E85EE1101F8BE25600CD24ED /* Info.plist */,
			);
			path = "FoodTruck Finder";
			sourceTree = "<group>";
		};
		E85EE1181F8BE25600CD24ED /* FoodTruck FinderTests */ = {
			isa = PBXGroup;
			children = (
				E85EE1191F8BE25600CD24ED /* FoodTruck_FinderTests.swift */,
				E85EE11B1F8BE25600CD24ED /* Info.plist */,
			);
			path = "FoodTruck FinderTests";
			sourceTree = "<group>";
		};
		E85EE1241F8BE45900CD24ED /* Services */ = {
			isa = PBXGroup;
			children = (
				E85EE1591F8C109500CD24ED /* DataService.swift */,
				E85EE15D1F8C177700CD24ED /* AuthService.swift */,
			);
			path = Services;
			sourceTree = "<group>";
		};
		E85EE1251F8BE46000CD24ED /* Resources */ = {
			isa = PBXGroup;
			children = (
				E85EE15B1F8C125900CD24ED /* Constants.swift */,
			);
			path = Resources;
			sourceTree = "<group>";
		};
		E85EE1261F8BE46F00CD24ED /* Controller */ = {
			isa = PBXGroup;
			children = (
				E85EE1061F8BE25600CD24ED /* MainVC.swift */,
				E8A8CBEF1F8C27B000DBA021 /* LoginVC.swift */,
				E8A8CBF31F8C350F00DBA021 /* AddTruckVC.swift */,
			);
			path = Controller;
			sourceTree = "<group>";
		};
		E85EE1271F8BE47300CD24ED /* View */ = {
			isa = PBXGroup;
			children = (
				E85EE15F1F8C1F5300CD24ED /* FoodTruckCell.swift */,
				E8A8CBF01F8C27B000DBA021 /* LoginVC.xib */,
			);
			path = View;
			sourceTree = "<group>";
		};
		E85EE1281F8BE47900CD24ED /* Model */ = {
			isa = PBXGroup;
			children = (
				E85EE1291F8BE52200CD24ED /* FoodTruck.swift */,
				E85EE1571F8BED3F00CD24ED /* FoodTruckReview.swift */,
			);
			path = Model;
			sourceTree = "<group>";
		};
/* End PBXGroup section */

/* Begin PBXNativeTarget section */
		E85EE1001F8BE25600CD24ED /* FoodTruck Finder */ = {
			isa = PBXNativeTarget;
			buildConfigurationList = E85EE11E1F8BE25600CD24ED /* Build configuration list for PBXNativeTarget "FoodTruck Finder" */;
			buildPhases = (
				E85EE0FD1F8BE25600CD24ED /* Sources */,
				E85EE0FE1F8BE25600CD24ED /* Frameworks */,
				E85EE0FF1F8BE25600CD24ED /* Resources */,
			);
			buildRules = (
			);
			dependencies = (
			);
			name = "FoodTruck Finder";
			productName = "FoodTruck Finder";
			productReference = E85EE1011F8BE25600CD24ED /* FoodTruck Finder.app */;
			productType = "com.apple.product-type.application";
		};
		E85EE1141F8BE25600CD24ED /* FoodTruck FinderTests */ = {
			isa = PBXNativeTarget;
			buildConfigurationList = E85EE1211F8BE25600CD24ED /* Build configuration list for PBXNativeTarget "FoodTruck FinderTests" */;
			buildPhases = (
				E85EE1111F8BE25600CD24ED /* Sources */,
				E85EE1121F8BE25600CD24ED /* Frameworks */,
				E85EE1131F8BE25600CD24ED /* Resources */,
			);
			buildRules = (
			);
			dependencies = (
				E85EE1171F8BE25600CD24ED /* PBXTargetDependency */,
			);
			name = "FoodTruck FinderTests";
			productName = "FoodTruck FinderTests";
			productReference = E85EE1151F8BE25600CD24ED /* FoodTruck FinderTests.xctest */;
			productType = "com.apple.product-type.bundle.unit-test";
		};
/* End PBXNativeTarget section */

/* Begin PBXProject section */
		E85EE0F91F8BE25600CD24ED /* Project object */ = {
			isa = PBXProject;
			attributes = {
				LastSwiftUpdateCheck = 0900;
				LastUpgradeCheck = 0900;
				ORGANIZATIONNAME = "Noel Franceschi";
				TargetAttributes = {
					E85EE1001F8BE25600CD24ED = {
						CreatedOnToolsVersion = 9.0;
						ProvisioningStyle = Automatic;
					};
					E85EE1141F8BE25600CD24ED = {
						CreatedOnToolsVersion = 9.0;
						ProvisioningStyle = Automatic;
						TestTargetID = E85EE1001F8BE25600CD24ED;
					};
				};
			};
			buildConfigurationList = E85EE0FC1F8BE25600CD24ED /* Build configuration list for PBXProject "FoodTruck Finder" */;
			compatibilityVersion = "Xcode 8.0";
			developmentRegion = en;
			hasScannedForEncodings = 0;
			knownRegions = (
				en,
				Base,
			);
			mainGroup = E85EE0F81F8BE25600CD24ED;
			productRefGroup = E85EE1021F8BE25600CD24ED /* Products */;
			projectDirPath = "";
			projectRoot = "";
			targets = (
				E85EE1001F8BE25600CD24ED /* FoodTruck Finder */,
				E85EE1141F8BE25600CD24ED /* FoodTruck FinderTests */,
			);
		};
/* End PBXProject section */

/* Begin PBXResourcesBuildPhase section */
		E85EE0FF1F8BE25600CD24ED /* Resources */ = {
			isa = PBXResourcesBuildPhase;
			buildActionMask = 2147483647;
			files = (
				E85EE10F1F8BE25600CD24ED /* LaunchScreen.storyboard in Resources */,
				E85EE10C1F8BE25600CD24ED /* Assets.xcassets in Resources */,
				E8A8CBF21F8C27B000DBA021 /* LoginVC.xib in Resources */,
				E85EE10A1F8BE25600CD24ED /* Main.storyboard in Resources */,
			);
			runOnlyForDeploymentPostprocessing = 0;
		};
		E85EE1131F8BE25600CD24ED /* Resources */ = {
			isa = PBXResourcesBuildPhase;
			buildActionMask = 2147483647;
			files = (
			);
			runOnlyForDeploymentPostprocessing = 0;
		};
/* End PBXResourcesBuildPhase section */

/* Begin PBXSourcesBuildPhase section */
		E85EE0FD1F8BE25600CD24ED /* Sources */ = {
			isa = PBXSourcesBuildPhase;
			buildActionMask = 2147483647;
			files = (
				E85EE1071F8BE25600CD24ED /* MainVC.swift in Sources */,
				E85EE1051F8BE25600CD24ED /* AppDelegate.swift in Sources */,
				E85EE12A1F8BE52200CD24ED /* FoodTruck.swift in Sources */,
				E85EE1581F8BED3F00CD24ED /* FoodTruckReview.swift in Sources */,
				E85EE15A1F8C109500CD24ED /* DataService.swift in Sources */,
				E8A8CBF11F8C27B000DBA021 /* LoginVC.swift in Sources */,
				E8A8CBF41F8C350F00DBA021 /* AddTruckVC.swift in Sources */,
				E85EE15C1F8C125900CD24ED /* Constants.swift in Sources */,
				E85EE15E1F8C177700CD24ED /* AuthService.swift in Sources */,
				E85EE1601F8C1F5400CD24ED /* FoodTruckCell.swift in Sources */,
			);
			runOnlyForDeploymentPostprocessing = 0;
		};
		E85EE1111F8BE25600CD24ED /* Sources */ = {
			isa = PBXSourcesBuildPhase;
			buildActionMask = 2147483647;
			files = (
				E85EE11A1F8BE25600CD24ED /* FoodTruck_FinderTests.swift in Sources */,
			);
			runOnlyForDeploymentPostprocessing = 0;
		};
/* End PBXSourcesBuildPhase section */

/* Begin PBXTargetDependency section */
		E85EE1171F8BE25600CD24ED /* PBXTargetDependency */ = {
			isa = PBXTargetDependency;
			target = E85EE1001F8BE25600CD24ED /* FoodTruck Finder */;
			targetProxy = E85EE1161F8BE25600CD24ED /* PBXContainerItemProxy */;
		};
/* End PBXTargetDependency section */

/* Begin PBXVariantGroup section */
		E85EE1081F8BE25600CD24ED /* Main.storyboard */ = {
			isa = PBXVariantGroup;
			children = (
				E85EE1091F8BE25600CD24ED /* Base */,
			);
			name = Main.storyboard;
			sourceTree = "<group>";
		};
		E85EE10D1F8BE25600CD24ED /* LaunchScreen.storyboard */ = {
			isa = PBXVariantGroup;
			children = (
				E85EE10E1F8BE25600CD24ED /* Base */,
			);
			name = LaunchScreen.storyboard;
			sourceTree = "<group>";
		};
/* End PBXVariantGroup section */

/* Begin XCBuildConfiguration section */
		E85EE11C1F8BE25600CD24ED /* Debug */ = {
			isa = XCBuildConfiguration;
			buildSettings = {
				ALWAYS_SEARCH_USER_PATHS = NO;
				CLANG_ANALYZER_NONNULL = YES;
				CLANG_ANALYZER_NUMBER_OBJECT_CONVERSION = YES_AGGRESSIVE;
				CLANG_CXX_LANGUAGE_STANDARD = "gnu++14";
				CLANG_CXX_LIBRARY = "libc++";
				CLANG_ENABLE_MODULES = YES;
				CLANG_ENABLE_OBJC_ARC = YES;
				CLANG_WARN_BLOCK_CAPTURE_AUTORELEASING = YES;
				CLANG_WARN_BOOL_CONVERSION = YES;
				CLANG_WARN_COMMA = YES;
				CLANG_WARN_CONSTANT_CONVERSION = YES;
				CLANG_WARN_DIRECT_OBJC_ISA_USAGE = YES_ERROR;
				CLANG_WARN_DOCUMENTATION_COMMENTS = YES;
				CLANG_WARN_EMPTY_BODY = YES;
				CLANG_WARN_ENUM_CONVERSION = YES;
				CLANG_WARN_INFINITE_RECURSION = YES;
				CLANG_WARN_INT_CONVERSION = YES;
				CLANG_WARN_NON_LITERAL_NULL_CONVERSION = YES;
				CLANG_WARN_OBJC_LITERAL_CONVERSION = YES;
				CLANG_WARN_OBJC_ROOT_CLASS = YES_ERROR;
				CLANG_WARN_RANGE_LOOP_ANALYSIS = YES;
				CLANG_WARN_STRICT_PROTOTYPES = YES;
				CLANG_WARN_SUSPICIOUS_MOVE = YES;
				CLANG_WARN_UNGUARDED_AVAILABILITY = YES_AGGRESSIVE;
				CLANG_WARN_UNREACHABLE_CODE = YES;
				CLANG_WARN__DUPLICATE_METHOD_MATCH = YES;
				CODE_SIGN_IDENTITY = "iPhone Developer";
				COPY_PHASE_STRIP = NO;
				DEBUG_INFORMATION_FORMAT = dwarf;
				ENABLE_STRICT_OBJC_MSGSEND = YES;
				ENABLE_TESTABILITY = YES;
				GCC_C_LANGUAGE_STANDARD = gnu11;
				GCC_DYNAMIC_NO_PIC = NO;
				GCC_NO_COMMON_BLOCKS = YES;
				GCC_OPTIMIZATION_LEVEL = 0;
				GCC_PREPROCESSOR_DEFINITIONS = (
					"DEBUG=1",
					"$(inherited)",
				);
				GCC_WARN_64_TO_32_BIT_CONVERSION = YES;
				GCC_WARN_ABOUT_RETURN_TYPE = YES_ERROR;
				GCC_WARN_UNDECLARED_SELECTOR = YES;
				GCC_WARN_UNINITIALIZED_AUTOS = YES_AGGRESSIVE;
				GCC_WARN_UNUSED_FUNCTION = YES;
				GCC_WARN_UNUSED_VARIABLE = YES;
				IPHONEOS_DEPLOYMENT_TARGET = 11.0;
				MTL_ENABLE_DEBUG_INFO = YES;
				ONLY_ACTIVE_ARCH = YES;
				SDKROOT = iphoneos;
				SWIFT_ACTIVE_COMPILATION_CONDITIONS = DEBUG;
				SWIFT_OPTIMIZATION_LEVEL = "-Onone";
			};
			name = Debug;
		};
		E85EE11D1F8BE25600CD24ED /* Release */ = {
			isa = XCBuildConfiguration;
			buildSettings = {
				ALWAYS_SEARCH_USER_PATHS = NO;
				CLANG_ANALYZER_NONNULL = YES;
				CLANG_ANALYZER_NUMBER_OBJECT_CONVERSION = YES_AGGRESSIVE;
				CLANG_CXX_LANGUAGE_STANDARD = "gnu++14";
				CLANG_CXX_LIBRARY = "libc++";
				CLANG_ENABLE_MODULES = YES;
				CLANG_ENABLE_OBJC_ARC = YES;
				CLANG_WARN_BLOCK_CAPTURE_AUTORELEASING = YES;
				CLANG_WARN_BOOL_CONVERSION = YES;
				CLANG_WARN_COMMA = YES;
				CLANG_WARN_CONSTANT_CONVERSION = YES;
				CLANG_WARN_DIRECT_OBJC_ISA_USAGE = YES_ERROR;
				CLANG_WARN_DOCUMENTATION_COMMENTS = YES;
				CLANG_WARN_EMPTY_BODY = YES;
				CLANG_WARN_ENUM_CONVERSION = YES;
				CLANG_WARN_INFINITE_RECURSION = YES;
				CLANG_WARN_INT_CONVERSION = YES;
				CLANG_WARN_NON_LITERAL_NULL_CONVERSION = YES;
				CLANG_WARN_OBJC_LITERAL_CONVERSION = YES;
				CLANG_WARN_OBJC_ROOT_CLASS = YES_ERROR;
				CLANG_WARN_RANGE_LOOP_ANALYSIS = YES;
				CLANG_WARN_STRICT_PROTOTYPES = YES;
				CLANG_WARN_SUSPICIOUS_MOVE = YES;
				CLANG_WARN_UNGUARDED_AVAILABILITY = YES_AGGRESSIVE;
				CLANG_WARN_UNREACHABLE_CODE = YES;
				CLANG_WARN__DUPLICATE_METHOD_MATCH = YES;
				CODE_SIGN_IDENTITY = "iPhone Developer";
				COPY_PHASE_STRIP = NO;
				DEBUG_INFORMATION_FORMAT = "dwarf-with-dsym";
				ENABLE_NS_ASSERTIONS = NO;
				ENABLE_STRICT_OBJC_MSGSEND = YES;
				GCC_C_LANGUAGE_STANDARD = gnu11;
				GCC_NO_COMMON_BLOCKS = YES;
				GCC_WARN_64_TO_32_BIT_CONVERSION = YES;
				GCC_WARN_ABOUT_RETURN_TYPE = YES_ERROR;
				GCC_WARN_UNDECLARED_SELECTOR = YES;
				GCC_WARN_UNINITIALIZED_AUTOS = YES_AGGRESSIVE;
				GCC_WARN_UNUSED_FUNCTION = YES;
				GCC_WARN_UNUSED_VARIABLE = YES;
				IPHONEOS_DEPLOYMENT_TARGET = 11.0;
				MTL_ENABLE_DEBUG_INFO = NO;
				SDKROOT = iphoneos;
				SWIFT_OPTIMIZATION_LEVEL = "-Owholemodule";
				VALIDATE_PRODUCT = YES;
			};
			name = Release;
		};
		E85EE11F1F8BE25600CD24ED /* Debug */ = {
			isa = XCBuildConfiguration;
			buildSettings = {
				ASSETCATALOG_COMPILER_APPICON_NAME = AppIcon;
				CODE_SIGN_STYLE = Automatic;
				DEVELOPMENT_TEAM = AA94UC956P;
				INFOPLIST_FILE = "FoodTruck Finder/Info.plist";
				LD_RUNPATH_SEARCH_PATHS = "$(inherited) @executable_path/Frameworks";
				PRODUCT_BUNDLE_IDENTIFIER = "com.noelfranceschi.FoodTruck-Finder";
				PRODUCT_NAME = "$(TARGET_NAME)";
				SWIFT_VERSION = 4.0;
				TARGETED_DEVICE_FAMILY = "1,2";
			};
			name = Debug;
		};
		E85EE1201F8BE25600CD24ED /* Release */ = {
			isa = XCBuildConfiguration;
			buildSettings = {
				ASSETCATALOG_COMPILER_APPICON_NAME = AppIcon;
				CODE_SIGN_STYLE = Automatic;
				DEVELOPMENT_TEAM = AA94UC956P;
				INFOPLIST_FILE = "FoodTruck Finder/Info.plist";
				LD_RUNPATH_SEARCH_PATHS = "$(inherited) @executable_path/Frameworks";
				PRODUCT_BUNDLE_IDENTIFIER = "com.noelfranceschi.FoodTruck-Finder";
				PRODUCT_NAME = "$(TARGET_NAME)";
				SWIFT_VERSION = 4.0;
				TARGETED_DEVICE_FAMILY = "1,2";
			};
			name = Release;
		};
		E85EE1221F8BE25600CD24ED /* Debug */ = {
			isa = XCBuildConfiguration;
			buildSettings = {
				ALWAYS_EMBED_SWIFT_STANDARD_LIBRARIES = YES;
				BUNDLE_LOADER = "$(TEST_HOST)";
				CODE_SIGN_STYLE = Automatic;
				DEVELOPMENT_TEAM = AA94UC956P;
				INFOPLIST_FILE = "FoodTruck FinderTests/Info.plist";
				LD_RUNPATH_SEARCH_PATHS = "$(inherited) @executable_path/Frameworks @loader_path/Frameworks";
				PRODUCT_BUNDLE_IDENTIFIER = "com.noelfranceschi.FoodTruck-FinderTests";
				PRODUCT_NAME = "$(TARGET_NAME)";
				SWIFT_VERSION = 4.0;
				TARGETED_DEVICE_FAMILY = "1,2";
				TEST_HOST = "$(BUILT_PRODUCTS_DIR)/FoodTruck Finder.app/FoodTruck Finder";
			};
			name = Debug;
		};
		E85EE1231F8BE25600CD24ED /* Release */ = {
			isa = XCBuildConfiguration;
			buildSettings = {
				ALWAYS_EMBED_SWIFT_STANDARD_LIBRARIES = YES;
				BUNDLE_LOADER = "$(TEST_HOST)";
				CODE_SIGN_STYLE = Automatic;
				DEVELOPMENT_TEAM = AA94UC956P;
				INFOPLIST_FILE = "FoodTruck FinderTests/Info.plist";
				LD_RUNPATH_SEARCH_PATHS = "$(inherited) @executable_path/Frameworks @loader_path/Frameworks";
				PRODUCT_BUNDLE_IDENTIFIER = "com.noelfranceschi.FoodTruck-FinderTests";
				PRODUCT_NAME = "$(TARGET_NAME)";
				SWIFT_VERSION = 4.0;
				TARGETED_DEVICE_FAMILY = "1,2";
				TEST_HOST = "$(BUILT_PRODUCTS_DIR)/FoodTruck Finder.app/FoodTruck Finder";
			};
			name = Release;
		};
/* End XCBuildConfiguration section */

/* Begin XCConfigurationList section */
		E85EE0FC1F8BE25600CD24ED /* Build configuration list for PBXProject "FoodTruck Finder" */ = {
			isa = XCConfigurationList;
			buildConfigurations = (
				E85EE11C1F8BE25600CD24ED /* Debug */,
				E85EE11D1F8BE25600CD24ED /* Release */,
			);
			defaultConfigurationIsVisible = 0;
			defaultConfigurationName = Release;
		};
		E85EE11E1F8BE25600CD24ED /* Build configuration list for PBXNativeTarget "FoodTruck Finder" */ = {
			isa = XCConfigurationList;
			buildConfigurations = (
				E85EE11F1F8BE25600CD24ED /* Debug */,
				E85EE1201F8BE25600CD24ED /* Release */,
			);
			defaultConfigurationIsVisible = 0;
			defaultConfigurationName = Release;
		};
		E85EE1211F8BE25600CD24ED /* Build configuration list for PBXNativeTarget "FoodTruck FinderTests" */ = {
			isa = XCConfigurationList;
			buildConfigurations = (
				E85EE1221F8BE25600CD24ED /* Debug */,
				E85EE1231F8BE25600CD24ED /* Release */,
			);
			defaultConfigurationIsVisible = 0;
			defaultConfigurationName = Release;
		};
/* End XCConfigurationList section */
	};
	rootObject = E85EE0F91F8BE25600CD24ED /* Project object */;
}
