// !$*UTF8*$!
{
	archiveVersion = 1;
	classes = {
	};
	objectVersion = 48;
	objects = {

/* Begin PBXBuildFile section */
		5CC79E398745DB57ECD75CEE /* Pods_Pixel_City.framework in Frameworks */ = {isa = PBXBuildFile; fileRef = CA188F678FDB06C970E7F8B6 /* Pods_Pixel_City.framework */; };
		E854A9251F6B743C002F4E60 /* AppDelegate.swift in Sources */ = {isa = PBXBuildFile; fileRef = E854A9241F6B743C002F4E60 /* AppDelegate.swift */; };
		E854A9271F6B743C002F4E60 /* MapVC.swift in Sources */ = {isa = PBXBuildFile; fileRef = E854A9261F6B743C002F4E60 /* MapVC.swift */; };
		E854A92C1F6B743C002F4E60 /* Assets.xcassets in Resources */ = {isa = PBXBuildFile; fileRef = E854A92B1F6B743C002F4E60 /* Assets.xcassets */; };
		E854A92F1F6B743C002F4E60 /* LaunchScreen.storyboard in Resources */ = {isa = PBXBuildFile; fileRef = E854A92D1F6B743C002F4E60 /* LaunchScreen.storyboard */; };
		E875C46D1F6C173B0027BE47 /* Main.storyboard in Resources */ = {isa = PBXBuildFile; fileRef = E875C46C1F6C160B0027BE47 /* Main.storyboard */; };
/* End PBXBuildFile section */

/* Begin PBXFileReference section */
		A7B4F86B2A7921E84F281329 /* Pods-Pixel City.debug.xcconfig */ = {isa = PBXFileReference; includeInIndex = 1; lastKnownFileType = text.xcconfig; name = "Pods-Pixel City.debug.xcconfig"; path = "Pods/Target Support Files/Pods-Pixel City/Pods-Pixel City.debug.xcconfig"; sourceTree = "<group>"; };
		CA188F678FDB06C970E7F8B6 /* Pods_Pixel_City.framework */ = {isa = PBXFileReference; explicitFileType = wrapper.framework; includeInIndex = 0; path = Pods_Pixel_City.framework; sourceTree = BUILT_PRODUCTS_DIR; };
		E36D42BA3F9C04A6A3D974A7 /* Pods-Pixel City.release.xcconfig */ = {isa = PBXFileReference; includeInIndex = 1; lastKnownFileType = text.xcconfig; name = "Pods-Pixel City.release.xcconfig"; path = "Pods/Target Support Files/Pods-Pixel City/Pods-Pixel City.release.xcconfig"; sourceTree = "<group>"; };
		E854A9211F6B743C002F4E60 /* Pixel City.app */ = {isa = PBXFileReference; explicitFileType = wrapper.application; includeInIndex = 0; path = "Pixel City.app"; sourceTree = BUILT_PRODUCTS_DIR; };
		E854A9241F6B743C002F4E60 /* AppDelegate.swift */ = {isa = PBXFileReference; lastKnownFileType = sourcecode.swift; path = AppDelegate.swift; sourceTree = "<group>"; };
		E854A9261F6B743C002F4E60 /* MapVC.swift */ = {isa = PBXFileReference; lastKnownFileType = sourcecode.swift; path = MapVC.swift; sourceTree = "<group>"; };
		E854A92B1F6B743C002F4E60 /* Assets.xcassets */ = {isa = PBXFileReference; lastKnownFileType = folder.assetcatalog; path = Assets.xcassets; sourceTree = "<group>"; };
		E854A92E1F6B743C002F4E60 /* Base */ = {isa = PBXFileReference; lastKnownFileType = file.storyboard; name = Base; path = Base.lproj/LaunchScreen.storyboard; sourceTree = "<group>"; };
		E854A9301F6B743C002F4E60 /* Info.plist */ = {isa = PBXFileReference; lastKnownFileType = text.plist.xml; path = Info.plist; sourceTree = "<group>"; };
		E875C46C1F6C160B0027BE47 /* Main.storyboard */ = {isa = PBXFileReference; lastKnownFileType = file.storyboard; path = Main.storyboard; sourceTree = "<group>"; };
/* End PBXFileReference section */

/* Begin PBXFrameworksBuildPhase section */
		E854A91E1F6B743C002F4E60 /* Frameworks */ = {
			isa = PBXFrameworksBuildPhase;
			buildActionMask = 2147483647;
			files = (
				5CC79E398745DB57ECD75CEE /* Pods_Pixel_City.framework in Frameworks */,
			);
			runOnlyForDeploymentPostprocessing = 0;
		};
/* End PBXFrameworksBuildPhase section */

/* Begin PBXGroup section */
		6DF0CA117F158D71B6AE0BEA /* Frameworks */ = {
			isa = PBXGroup;
			children = (
				CA188F678FDB06C970E7F8B6 /* Pods_Pixel_City.framework */,
			);
			name = Frameworks;
			sourceTree = "<group>";
		};
		74F1B6EF7CCA20D080655A6F /* Pods */ = {
			isa = PBXGroup;
			children = (
				A7B4F86B2A7921E84F281329 /* Pods-Pixel City.debug.xcconfig */,
				E36D42BA3F9C04A6A3D974A7 /* Pods-Pixel City.release.xcconfig */,
			);
			name = Pods;
			sourceTree = "<group>";
		};
		E854A9181F6B743C002F4E60 = {
			isa = PBXGroup;
			children = (
				E854A9231F6B743C002F4E60 /* Pixel City */,
				E854A9221F6B743C002F4E60 /* Products */,
				74F1B6EF7CCA20D080655A6F /* Pods */,
				6DF0CA117F158D71B6AE0BEA /* Frameworks */,
			);
			sourceTree = "<group>";
		};
		E854A9221F6B743C002F4E60 /* Products */ = {
			isa = PBXGroup;
			children = (
				E854A9211F6B743C002F4E60 /* Pixel City.app */,
			);
			name = Products;
			sourceTree = "<group>";
		};
		E854A9231F6B743C002F4E60 /* Pixel City */ = {
			isa = PBXGroup;
			children = (
				E854A9391F6B7474002F4E60 /* Utilities */,
				E854A9381F6B746A002F4E60 /* Extensions */,
				E854A9371F6B7462002F4E60 /* View */,
				E854A9361F6B7458002F4E60 /* Controller */,
				E854A9241F6B743C002F4E60 /* AppDelegate.swift */,
				E875C46C1F6C160B0027BE47 /* Main.storyboard */,
				E854A92B1F6B743C002F4E60 /* Assets.xcassets */,
				E854A92D1F6B743C002F4E60 /* LaunchScreen.storyboard */,
				E854A9301F6B743C002F4E60 /* Info.plist */,
			);
			path = "Pixel City";
			sourceTree = "<group>";
		};
		E854A9361F6B7458002F4E60 /* Controller */ = {
			isa = PBXGroup;
			children = (
				E854A9261F6B743C002F4E60 /* MapVC.swift */,
			);
			path = Controller;
			sourceTree = "<group>";
		};
		E854A9371F6B7462002F4E60 /* View */ = {
			isa = PBXGroup;
			children = (
			);
			path = View;
			sourceTree = "<group>";
		};
		E854A9381F6B746A002F4E60 /* Extensions */ = {
			isa = PBXGroup;
			children = (
			);
			path = Extensions;
			sourceTree = "<group>";
		};
		E854A9391F6B7474002F4E60 /* Utilities */ = {
			isa = PBXGroup;
			children = (
			);
			path = Utilities;
			sourceTree = "<group>";
		};
/* End PBXGroup section */

/* Begin PBXNativeTarget section */
		E854A9201F6B743C002F4E60 /* Pixel City */ = {
			isa = PBXNativeTarget;
			buildConfigurationList = E854A9331F6B743C002F4E60 /* Build configuration list for PBXNativeTarget "Pixel City" */;
			buildPhases = (
				D02FC28AD887598CFF46B16B /* [CP] Check Pods Manifest.lock */,
				E854A91D1F6B743C002F4E60 /* Sources */,
				E854A91E1F6B743C002F4E60 /* Frameworks */,
				E854A91F1F6B743C002F4E60 /* Resources */,
				97823EFAA3BE9493CD76B44D /* [CP] Embed Pods Frameworks */,
				CC97AA329DE9A62BBD20CB28 /* [CP] Copy Pods Resources */,
			);
			buildRules = (
			);
			dependencies = (
			);
			name = "Pixel City";
			productName = "Pixel City";
			productReference = E854A9211F6B743C002F4E60 /* Pixel City.app */;
			productType = "com.apple.product-type.application";
		};
/* End PBXNativeTarget section */

/* Begin PBXProject section */
		E854A9191F6B743C002F4E60 /* Project object */ = {
			isa = PBXProject;
			attributes = {
				LastSwiftUpdateCheck = 0900;
				LastUpgradeCheck = 0900;
				ORGANIZATIONNAME = "Noel Franceschi";
				TargetAttributes = {
					E854A9201F6B743C002F4E60 = {
						CreatedOnToolsVersion = 9.0;
						ProvisioningStyle = Automatic;
					};
				};
			};
			buildConfigurationList = E854A91C1F6B743C002F4E60 /* Build configuration list for PBXProject "Pixel City" */;
			compatibilityVersion = "Xcode 8.0";
			developmentRegion = en;
			hasScannedForEncodings = 0;
			knownRegions = (
				en,
				Base,
			);
			mainGroup = E854A9181F6B743C002F4E60;
			productRefGroup = E854A9221F6B743C002F4E60 /* Products */;
			projectDirPath = "";
			projectRoot = "";
			targets = (
				E854A9201F6B743C002F4E60 /* Pixel City */,
			);
		};
/* End PBXProject section */

/* Begin PBXResourcesBuildPhase section */
		E854A91F1F6B743C002F4E60 /* Resources */ = {
			isa = PBXResourcesBuildPhase;
			buildActionMask = 2147483647;
			files = (
				E875C46D1F6C173B0027BE47 /* Main.storyboard in Resources */,
				E854A92F1F6B743C002F4E60 /* LaunchScreen.storyboard in Resources */,
				E854A92C1F6B743C002F4E60 /* Assets.xcassets in Resources */,
			);
			runOnlyForDeploymentPostprocessing = 0;
		};
/* End PBXResourcesBuildPhase section */

/* Begin PBXShellScriptBuildPhase section */
		97823EFAA3BE9493CD76B44D /* [CP] Embed Pods Frameworks */ = {
			isa = PBXShellScriptBuildPhase;
			buildActionMask = 2147483647;
			files = (
			);
			inputPaths = (
			);
			name = "[CP] Embed Pods Frameworks";
			outputPaths = (
			);
			runOnlyForDeploymentPostprocessing = 0;
			shellPath = /bin/sh;
			shellScript = "\"${SRCROOT}/Pods/Target Support Files/Pods-Pixel City/Pods-Pixel City-frameworks.sh\"\n";
			showEnvVarsInLog = 0;
		};
		CC97AA329DE9A62BBD20CB28 /* [CP] Copy Pods Resources */ = {
			isa = PBXShellScriptBuildPhase;
			buildActionMask = 2147483647;
			files = (
			);
			inputPaths = (
			);
			name = "[CP] Copy Pods Resources";
			outputPaths = (
			);
			runOnlyForDeploymentPostprocessing = 0;
			shellPath = /bin/sh;
			shellScript = "\"${SRCROOT}/Pods/Target Support Files/Pods-Pixel City/Pods-Pixel City-resources.sh\"\n";
			showEnvVarsInLog = 0;
		};
		D02FC28AD887598CFF46B16B /* [CP] Check Pods Manifest.lock */ = {
			isa = PBXShellScriptBuildPhase;
			buildActionMask = 2147483647;
			files = (
			);
			inputPaths = (
			);
			name = "[CP] Check Pods Manifest.lock";
			outputPaths = (
			);
			runOnlyForDeploymentPostprocessing = 0;
			shellPath = /bin/sh;
			shellScript = "diff \"${PODS_ROOT}/../Podfile.lock\" \"${PODS_ROOT}/Manifest.lock\" > /dev/null\nif [ $? != 0 ] ; then\n    # print error to STDERR\n    echo \"error: The sandbox is not in sync with the Podfile.lock. Run 'pod install' or update your CocoaPods installation.\" >&2\n    exit 1\nfi\n";
			showEnvVarsInLog = 0;
		};
/* End PBXShellScriptBuildPhase section */

/* Begin PBXSourcesBuildPhase section */
		E854A91D1F6B743C002F4E60 /* Sources */ = {
			isa = PBXSourcesBuildPhase;
			buildActionMask = 2147483647;
			files = (
				E854A9271F6B743C002F4E60 /* MapVC.swift in Sources */,
				E854A9251F6B743C002F4E60 /* AppDelegate.swift in Sources */,
			);
			runOnlyForDeploymentPostprocessing = 0;
		};
/* End PBXSourcesBuildPhase section */

/* Begin PBXVariantGroup section */
		E854A92D1F6B743C002F4E60 /* LaunchScreen.storyboard */ = {
			isa = PBXVariantGroup;
			children = (
				E854A92E1F6B743C002F4E60 /* Base */,
			);
			name = LaunchScreen.storyboard;
			sourceTree = "<group>";
		};
/* End PBXVariantGroup section */

/* Begin XCBuildConfiguration section */
		E854A9311F6B743C002F4E60 /* Debug */ = {
			isa = XCBuildConfiguration;
			buildSettings = {
				ALWAYS_SEARCH_USER_PATHS = NO;
				CLANG_ANALYZER_NONNULL = YES;
				CLANG_ANALYZER_NUMBER_OBJECT_CONVERSION = YES_AGGRESSIVE;
				CLANG_CXX_LANGUAGE_STANDARD = "gnu++14";
				CLANG_CXX_LIBRARY = "libc++";
				CLANG_ENABLE_MODULES = YES;
				CLANG_ENABLE_OBJC_ARC = YES;
				CLANG_WARN_BLOCK_CAPTURE_AUTORELEASING = YES;
				CLANG_WARN_BOOL_CONVERSION = YES;
				CLANG_WARN_COMMA = YES;
				CLANG_WARN_CONSTANT_CONVERSION = YES;
				CLANG_WARN_DIRECT_OBJC_ISA_USAGE = YES_ERROR;
				CLANG_WARN_DOCUMENTATION_COMMENTS = YES;
				CLANG_WARN_EMPTY_BODY = YES;
				CLANG_WARN_ENUM_CONVERSION = YES;
				CLANG_WARN_INFINITE_RECURSION = YES;
				CLANG_WARN_INT_CONVERSION = YES;
				CLANG_WARN_NON_LITERAL_NULL_CONVERSION = YES;
				CLANG_WARN_OBJC_LITERAL_CONVERSION = YES;
				CLANG_WARN_OBJC_ROOT_CLASS = YES_ERROR;
				CLANG_WARN_RANGE_LOOP_ANALYSIS = YES;
				CLANG_WARN_STRICT_PROTOTYPES = YES;
				CLANG_WARN_SUSPICIOUS_MOVE = YES;
				CLANG_WARN_UNGUARDED_AVAILABILITY = YES_AGGRESSIVE;
				CLANG_WARN_UNREACHABLE_CODE = YES;
				CLANG_WARN__DUPLICATE_METHOD_MATCH = YES;
				CODE_SIGN_IDENTITY = "iPhone Developer";
				COPY_PHASE_STRIP = NO;
				DEBUG_INFORMATION_FORMAT = dwarf;
				ENABLE_STRICT_OBJC_MSGSEND = YES;
				ENABLE_TESTABILITY = YES;
				GCC_C_LANGUAGE_STANDARD = gnu11;
				GCC_DYNAMIC_NO_PIC = NO;
				GCC_NO_COMMON_BLOCKS = YES;
				GCC_OPTIMIZATION_LEVEL = 0;
				GCC_PREPROCESSOR_DEFINITIONS = (
					"DEBUG=1",
					"$(inherited)",
				);
				GCC_WARN_64_TO_32_BIT_CONVERSION = YES;
				GCC_WARN_ABOUT_RETURN_TYPE = YES_ERROR;
				GCC_WARN_UNDECLARED_SELECTOR = YES;
				GCC_WARN_UNINITIALIZED_AUTOS = YES_AGGRESSIVE;
				GCC_WARN_UNUSED_FUNCTION = YES;
				GCC_WARN_UNUSED_VARIABLE = YES;
				IPHONEOS_DEPLOYMENT_TARGET = 11.0;
				MTL_ENABLE_DEBUG_INFO = YES;
				ONLY_ACTIVE_ARCH = YES;
				SDKROOT = iphoneos;
				SWIFT_ACTIVE_COMPILATION_CONDITIONS = DEBUG;
				SWIFT_OPTIMIZATION_LEVEL = "-Onone";
			};
			name = Debug;
		};
		E854A9321F6B743C002F4E60 /* Release */ = {
			isa = XCBuildConfiguration;
			buildSettings = {
				ALWAYS_SEARCH_USER_PATHS = NO;
				CLANG_ANALYZER_NONNULL = YES;
				CLANG_ANALYZER_NUMBER_OBJECT_CONVERSION = YES_AGGRESSIVE;
				CLANG_CXX_LANGUAGE_STANDARD = "gnu++14";
				CLANG_CXX_LIBRARY = "libc++";
				CLANG_ENABLE_MODULES = YES;
				CLANG_ENABLE_OBJC_ARC = YES;
				CLANG_WARN_BLOCK_CAPTURE_AUTORELEASING = YES;
				CLANG_WARN_BOOL_CONVERSION = YES;
				CLANG_WARN_COMMA = YES;
				CLANG_WARN_CONSTANT_CONVERSION = YES;
				CLANG_WARN_DIRECT_OBJC_ISA_USAGE = YES_ERROR;
				CLANG_WARN_DOCUMENTATION_COMMENTS = YES;
				CLANG_WARN_EMPTY_BODY = YES;
				CLANG_WARN_ENUM_CONVERSION = YES;
				CLANG_WARN_INFINITE_RECURSION = YES;
				CLANG_WARN_INT_CONVERSION = YES;
				CLANG_WARN_NON_LITERAL_NULL_CONVERSION = YES;
				CLANG_WARN_OBJC_LITERAL_CONVERSION = YES;
				CLANG_WARN_OBJC_ROOT_CLASS = YES_ERROR;
				CLANG_WARN_RANGE_LOOP_ANALYSIS = YES;
				CLANG_WARN_STRICT_PROTOTYPES = YES;
				CLANG_WARN_SUSPICIOUS_MOVE = YES;
				CLANG_WARN_UNGUARDED_AVAILABILITY = YES_AGGRESSIVE;
				CLANG_WARN_UNREACHABLE_CODE = YES;
				CLANG_WARN__DUPLICATE_METHOD_MATCH = YES;
				CODE_SIGN_IDENTITY = "iPhone Developer";
				COPY_PHASE_STRIP = NO;
				DEBUG_INFORMATION_FORMAT = "dwarf-with-dsym";
				ENABLE_NS_ASSERTIONS = NO;
				ENABLE_STRICT_OBJC_MSGSEND = YES;
				GCC_C_LANGUAGE_STANDARD = gnu11;
				GCC_NO_COMMON_BLOCKS = YES;
				GCC_WARN_64_TO_32_BIT_CONVERSION = YES;
				GCC_WARN_ABOUT_RETURN_TYPE = YES_ERROR;
				GCC_WARN_UNDECLARED_SELECTOR = YES;
				GCC_WARN_UNINITIALIZED_AUTOS = YES_AGGRESSIVE;
				GCC_WARN_UNUSED_FUNCTION = YES;
				GCC_WARN_UNUSED_VARIABLE = YES;
				IPHONEOS_DEPLOYMENT_TARGET = 11.0;
				MTL_ENABLE_DEBUG_INFO = NO;
				SDKROOT = iphoneos;
				SWIFT_OPTIMIZATION_LEVEL = "-Owholemodule";
				VALIDATE_PRODUCT = YES;
			};
			name = Release;
		};
		E854A9341F6B743C002F4E60 /* Debug */ = {
			isa = XCBuildConfiguration;
			baseConfigurationReference = A7B4F86B2A7921E84F281329 /* Pods-Pixel City.debug.xcconfig */;
			buildSettings = {
				ASSETCATALOG_COMPILER_APPICON_NAME = AppIcon;
				CODE_SIGN_STYLE = Automatic;
				DEVELOPMENT_TEAM = AA94UC956P;
				INFOPLIST_FILE = "Pixel City/Info.plist";
				LD_RUNPATH_SEARCH_PATHS = "$(inherited) @executable_path/Frameworks";
				PRODUCT_BUNDLE_IDENTIFIER = "com.noelfranceschi.Pixel-City";
				PRODUCT_NAME = "$(TARGET_NAME)";
				SWIFT_VERSION = 4.0;
				TARGETED_DEVICE_FAMILY = "1,2";
			};
			name = Debug;
		};
		E854A9351F6B743C002F4E60 /* Release */ = {
			isa = XCBuildConfiguration;
			baseConfigurationReference = E36D42BA3F9C04A6A3D974A7 /* Pods-Pixel City.release.xcconfig */;
			buildSettings = {
				ASSETCATALOG_COMPILER_APPICON_NAME = AppIcon;
				CODE_SIGN_STYLE = Automatic;
				DEVELOPMENT_TEAM = AA94UC956P;
				INFOPLIST_FILE = "Pixel City/Info.plist";
				LD_RUNPATH_SEARCH_PATHS = "$(inherited) @executable_path/Frameworks";
				PRODUCT_BUNDLE_IDENTIFIER = "com.noelfranceschi.Pixel-City";
				PRODUCT_NAME = "$(TARGET_NAME)";
				SWIFT_VERSION = 4.0;
				TARGETED_DEVICE_FAMILY = "1,2";
			};
			name = Release;
		};
/* End XCBuildConfiguration section */

/* Begin XCConfigurationList section */
		E854A91C1F6B743C002F4E60 /* Build configuration list for PBXProject "Pixel City" */ = {
			isa = XCConfigurationList;
			buildConfigurations = (
				E854A9311F6B743C002F4E60 /* Debug */,
				E854A9321F6B743C002F4E60 /* Release */,
			);
			defaultConfigurationIsVisible = 0;
			defaultConfigurationName = Release;
		};
		E854A9331F6B743C002F4E60 /* Build configuration list for PBXNativeTarget "Pixel City" */ = {
			isa = XCConfigurationList;
			buildConfigurations = (
				E854A9341F6B743C002F4E60 /* Debug */,
				E854A9351F6B743C002F4E60 /* Release */,
			);
			defaultConfigurationIsVisible = 0;
			defaultConfigurationName = Release;
		};
/* End XCConfigurationList section */
	};
	rootObject = E854A9191F6B743C002F4E60 /* Project object */;
}
